
Microsoft Visual Studio Solution File, Format Version 12.00
# Visual Studio Version 16
VisualStudioVersion = 16.0.33529.622
MinimumVisualStudioVersion = 10.0.40219.1
Project("{9A19103F-16F7-4668-BE54-9A1E7A4F7556}") = "UserManagementApi", "UserManagementApi.csproj", "{5C60B6B1-E4C8-4355-9019-0FA927375EB3}"
EndProject
Global
	GlobalSection(SolutionConfigurationPlatforms) = preSolution
		Debug|Any CPU = Debug|Any CPU
		Release|Any CPU = Release|Any CPU
	EndGlobalSection
	GlobalSection(ProjectConfigurationPlatforms) = postSolution
		{5C60B6B1-E4C8-4355-9019-0FA927375EB3}.Debug|Any CPU.ActiveCfg = Debug|Any CPU
		{5C60B6B1-E4C8-4355-9019-0FA927375EB3}.Debug|Any CPU.Build.0 = Debug|Any CPU
		{5C60B6B1-E4C8-4355-9019-0FA927375EB3}.Release|Any CPU.ActiveCfg = Release|Any CPU
		{5C60B6B1-E4C8-4355-9019-0FA927375EB3}.Release|Any CPU.Build.0 = Release|Any CPU
	EndGlobalSection
	GlobalSection(SolutionProperties) = preSolution
		HideSolutionNode = FALSE
	EndGlobalSection
	GlobalSection(ExtensibilityGlobals) = postSolution
		SolutionGuid = {C04E92D9-CC52-4AF9-A35D-08A3B3524AE6}
	EndGlobalSection
EndGlobal
